
Microsoft Visual Studio Solution File, Format Version 12.00
# Visual Studio 15
VisualStudioVersion = 15.0.28010.2036
MinimumVisualStudioVersion = 10.0.40219.1
Project("{FAE04EC0-301F-11D3-BF4B-00C04F79EFBC}") = "Lab_6_C_sharp", "Lab_6_C_sharp\Lab_6_C_sharp.csproj", "{9D28A659-F444-4189-858F-21B4B6090FAD}"
EndProject
Global
	GlobalSection(SolutionConfigurationPlatforms) = preSolution
		Debug|Any CPU = Debug|Any CPU
		Release|Any CPU = Release|Any CPU
	EndGlobalSection
	GlobalSection(ProjectConfigurationPlatforms) = postSolution
		{9D28A659-F444-4189-858F-21B4B6090FAD}.Debug|Any CPU.ActiveCfg = Debug|Any CPU
		{9D28A659-F444-4189-858F-21B4B6090FAD}.Debug|Any CPU.Build.0 = Debug|Any CPU
		{9D28A659-F444-4189-858F-21B4B6090FAD}.Release|Any CPU.ActiveCfg = Release|Any CPU
		{9D28A659-F444-4189-858F-21B4B6090FAD}.Release|Any CPU.Build.0 = Release|Any CPU
	EndGlobalSection
	GlobalSection(SolutionProperties) = preSolution
		HideSolutionNode = FALSE
	EndGlobalSection
	GlobalSection(ExtensibilityGlobals) = postSolution
		SolutionGuid = {8E0B832E-8DDF-44F5-A1D6-8BF395948334}
	EndGlobalSection
EndGlobal
